// !$*UTF8*$!
{
	archiveVersion = 1;
	classes = {
	};
	objectVersion = 46;
	objects = {

/* Begin PBXBuildFile section */
		8B1BEF041C8609170083EF9D /* BaseTransition.swift in Sources */ = {isa = PBXBuildFile; fileRef = 8B1BEF021C8609170083EF9D /* BaseTransition.swift */; };
		8B1BEF051C8609170083EF9D /* FadeTransition.swift in Sources */ = {isa = PBXBuildFile; fileRef = 8B1BEF031C8609170083EF9D /* FadeTransition.swift */; };
		8B1BEF071C860C880083EF9D /* LoginViewController.swift in Sources */ = {isa = PBXBuildFile; fileRef = 8B1BEF061C860C880083EF9D /* LoginViewController.swift */; };
		8B4113631C83ABDE00D40189 /* TabBarViewController.swift in Sources */ = {isa = PBXBuildFile; fileRef = 8B4113621C83ABDE00D40189 /* TabBarViewController.swift */; };
		8B4113651C83AD8A00D40189 /* HomeViewController.swift in Sources */ = {isa = PBXBuildFile; fileRef = 8B4113641C83AD8A00D40189 /* HomeViewController.swift */; };
		8B4113671C83AE7C00D40189 /* SearchViewController.swift in Sources */ = {isa = PBXBuildFile; fileRef = 8B4113661C83AE7C00D40189 /* SearchViewController.swift */; };
		8B4113691C83AE8B00D40189 /* AccountViewController.swift in Sources */ = {isa = PBXBuildFile; fileRef = 8B4113681C83AE8B00D40189 /* AccountViewController.swift */; };
		8B41136B1C83AE9200D40189 /* TrendingViewController.swift in Sources */ = {isa = PBXBuildFile; fileRef = 8B41136A1C83AE9200D40189 /* TrendingViewController.swift */; };
		8B41136D1C83AE9900D40189 /* ComposeViewController.swift in Sources */ = {isa = PBXBuildFile; fileRef = 8B41136C1C83AE9900D40189 /* ComposeViewController.swift */; };
		8B90C6DD1C83943600423CCC /* AppDelegate.swift in Sources */ = {isa = PBXBuildFile; fileRef = 8B90C6DC1C83943600423CCC /* AppDelegate.swift */; };
		8B90C6DF1C83943600423CCC /* ViewController.swift in Sources */ = {isa = PBXBuildFile; fileRef = 8B90C6DE1C83943600423CCC /* ViewController.swift */; };
		8B90C6E21C83943600423CCC /* Main.storyboard in Resources */ = {isa = PBXBuildFile; fileRef = 8B90C6E01C83943600423CCC /* Main.storyboard */; };
		8B90C6E41C83943600423CCC /* Assets.xcassets in Resources */ = {isa = PBXBuildFile; fileRef = 8B90C6E31C83943600423CCC /* Assets.xcassets */; };
		8B90C6E71C83943600423CCC /* LaunchScreen.storyboard in Resources */ = {isa = PBXBuildFile; fileRef = 8B90C6E51C83943600423CCC /* LaunchScreen.storyboard */; };
/* End PBXBuildFile section */

/* Begin PBXFileReference section */
		8B1BEF021C8609170083EF9D /* BaseTransition.swift */ = {isa = PBXFileReference; fileEncoding = 4; lastKnownFileType = sourcecode.swift; path = BaseTransition.swift; sourceTree = "<group>"; };
		8B1BEF031C8609170083EF9D /* FadeTransition.swift */ = {isa = PBXFileReference; fileEncoding = 4; lastKnownFileType = sourcecode.swift; path = FadeTransition.swift; sourceTree = "<group>"; };
		8B1BEF061C860C880083EF9D /* LoginViewController.swift */ = {isa = PBXFileReference; fileEncoding = 4; lastKnownFileType = sourcecode.swift; path = LoginViewController.swift; sourceTree = "<group>"; };
		8B4113621C83ABDE00D40189 /* TabBarViewController.swift */ = {isa = PBXFileReference; fileEncoding = 4; lastKnownFileType = sourcecode.swift; path = TabBarViewController.swift; sourceTree = "<group>"; };
		8B4113641C83AD8A00D40189 /* HomeViewController.swift */ = {isa = PBXFileReference; fileEncoding = 4; lastKnownFileType = sourcecode.swift; path = HomeViewController.swift; sourceTree = "<group>"; };
		8B4113661C83AE7C00D40189 /* SearchViewController.swift */ = {isa = PBXFileReference; fileEncoding = 4; lastKnownFileType = sourcecode.swift; path = SearchViewController.swift; sourceTree = "<group>"; };
		8B4113681C83AE8B00D40189 /* AccountViewController.swift */ = {isa = PBXFileReference; fileEncoding = 4; lastKnownFileType = sourcecode.swift; path = AccountViewController.swift; sourceTree = "<group>"; };
		8B41136A1C83AE9200D40189 /* TrendingViewController.swift */ = {isa = PBXFileReference; fileEncoding = 4; lastKnownFileType = sourcecode.swift; path = TrendingViewController.swift; sourceTree = "<group>"; };
		8B41136C1C83AE9900D40189 /* ComposeViewController.swift */ = {isa = PBXFileReference; fileEncoding = 4; lastKnownFileType = sourcecode.swift; path = ComposeViewController.swift; sourceTree = "<group>"; };
		8B90C6D91C83943600423CCC /* Tumblr.app */ = {isa = PBXFileReference; explicitFileType = wrapper.application; includeInIndex = 0; path = Tumblr.app; sourceTree = BUILT_PRODUCTS_DIR; };
		8B90C6DC1C83943600423CCC /* AppDelegate.swift */ = {isa = PBXFileReference; lastKnownFileType = sourcecode.swift; path = AppDelegate.swift; sourceTree = "<group>"; };
		8B90C6DE1C83943600423CCC /* ViewController.swift */ = {isa = PBXFileReference; lastKnownFileType = sourcecode.swift; path = ViewController.swift; sourceTree = "<group>"; };
		8B90C6E11C83943600423CCC /* Base */ = {isa = PBXFileReference; lastKnownFileType = file.storyboard; name = Base; path = Base.lproj/Main.storyboard; sourceTree = "<group>"; };
		8B90C6E31C83943600423CCC /* Assets.xcassets */ = {isa = PBXFileReference; lastKnownFileType = folder.assetcatalog; path = Assets.xcassets; sourceTree = "<group>"; };
		8B90C6E61C83943600423CCC /* Base */ = {isa = PBXFileReference; lastKnownFileType = file.storyboard; name = Base; path = Base.lproj/LaunchScreen.storyboard; sourceTree = "<group>"; };
		8B90C6E81C83943600423CCC /* Info.plist */ = {isa = PBXFileReference; lastKnownFileType = text.plist.xml; path = Info.plist; sourceTree = "<group>"; };
/* End PBXFileReference section */

/* Begin PBXFrameworksBuildPhase section */
		8B90C6D61C83943600423CCC /* Frameworks */ = {
			isa = PBXFrameworksBuildPhase;
			buildActionMask = 2147483647;
			files = (
			);
			runOnlyForDeploymentPostprocessing = 0;
		};
/* End PBXFrameworksBuildPhase section */

/* Begin PBXGroup section */
		8B90C6D01C83943600423CCC = {
			isa = PBXGroup;
			children = (
				8B90C6DB1C83943600423CCC /* Tumblr */,
				8B90C6DA1C83943600423CCC /* Products */,
			);
			sourceTree = "<group>";
		};
		8B90C6DA1C83943600423CCC /* Products */ = {
			isa = PBXGroup;
			children = (
				8B90C6D91C83943600423CCC /* Tumblr.app */,
			);
			name = Products;
			sourceTree = "<group>";
		};
		8B90C6DB1C83943600423CCC /* Tumblr */ = {
			isa = PBXGroup;
			children = (
				8B90C6DC1C83943600423CCC /* AppDelegate.swift */,
				8B1BEF021C8609170083EF9D /* BaseTransition.swift */,
				8B1BEF031C8609170083EF9D /* FadeTransition.swift */,
				8B90C6DE1C83943600423CCC /* ViewController.swift */,
				8B90C6E01C83943600423CCC /* Main.storyboard */,
				8B1BEF061C860C880083EF9D /* LoginViewController.swift */,
				8B4113661C83AE7C00D40189 /* SearchViewController.swift */,
				8B4113681C83AE8B00D40189 /* AccountViewController.swift */,
				8B41136A1C83AE9200D40189 /* TrendingViewController.swift */,
				8B41136C1C83AE9900D40189 /* ComposeViewController.swift */,
				8B4113641C83AD8A00D40189 /* HomeViewController.swift */,
				8B4113621C83ABDE00D40189 /* TabBarViewController.swift */,
				8B90C6E31C83943600423CCC /* Assets.xcassets */,
				8B90C6E51C83943600423CCC /* LaunchScreen.storyboard */,
				8B90C6E81C83943600423CCC /* Info.plist */,
			);
			path = Tumblr;
			sourceTree = "<group>";
		};
/* End PBXGroup section */

/* Begin PBXNativeTarget section */
		8B90C6D81C83943600423CCC /* Tumblr */ = {
			isa = PBXNativeTarget;
			buildConfigurationList = 8B90C6EB1C83943600423CCC /* Build configuration list for PBXNativeTarget "Tumblr" */;
			buildPhases = (
				8B90C6D51C83943600423CCC /* Sources */,
				8B90C6D61C83943600423CCC /* Frameworks */,
				8B90C6D71C83943600423CCC /* Resources */,
			);
			buildRules = (
			);
			dependencies = (
			);
			name = Tumblr;
			productName = Tumblr;
			productReference = 8B90C6D91C83943600423CCC /* Tumblr.app */;
			productType = "com.apple.product-type.application";
		};
/* End PBXNativeTarget section */

/* Begin PBXProject section */
		8B90C6D11C83943600423CCC /* Project object */ = {
			isa = PBXProject;
			attributes = {
				LastSwiftUpdateCheck = 0720;
				LastUpgradeCheck = 0720;
				ORGANIZATIONNAME = "Beau Smith";
				TargetAttributes = {
					8B90C6D81C83943600423CCC = {
						CreatedOnToolsVersion = 7.2.1;
					};
				};
			};
			buildConfigurationList = 8B90C6D41C83943600423CCC /* Build configuration list for PBXProject "Tumblr" */;
			compatibilityVersion = "Xcode 3.2";
			developmentRegion = English;
			hasScannedForEncodings = 0;
			knownRegions = (
				en,
				Base,
			);
			mainGroup = 8B90C6D01C83943600423CCC;
			productRefGroup = 8B90C6DA1C83943600423CCC /* Products */;
			projectDirPath = "";
			projectRoot = "";
			targets = (
				8B90C6D81C83943600423CCC /* Tumblr */,
			);
		};
/* End PBXProject section */

/* Begin PBXResourcesBuildPhase section */
		8B90C6D71C83943600423CCC /* Resources */ = {
			isa = PBXResourcesBuildPhase;
			buildActionMask = 2147483647;
			files = (
				8B90C6E71C83943600423CCC /* LaunchScreen.storyboard in Resources */,
				8B90C6E41C83943600423CCC /* Assets.xcassets in Resources */,
				8B90C6E21C83943600423CCC /* Main.storyboard in Resources */,
			);
			runOnlyForDeploymentPostprocessing = 0;
		};
/* End PBXResourcesBuildPhase section */

/* Begin PBXSourcesBuildPhase section */
		8B90C6D51C83943600423CCC /* Sources */ = {
			isa = PBXSourcesBuildPhase;
			buildActionMask = 2147483647;
			files = (
				8B41136B1C83AE9200D40189 /* TrendingViewController.swift in Sources */,
				8B4113671C83AE7C00D40189 /* SearchViewController.swift in Sources */,
				8B90C6DF1C83943600423CCC /* ViewController.swift in Sources */,
				8B41136D1C83AE9900D40189 /* ComposeViewController.swift in Sources */,
				8B1BEF041C8609170083EF9D /* BaseTransition.swift in Sources */,
				8B4113691C83AE8B00D40189 /* AccountViewController.swift in Sources */,
				8B1BEF051C8609170083EF9D /* FadeTransition.swift in Sources */,
				8B4113631C83ABDE00D40189 /* TabBarViewController.swift in Sources */,
				8B90C6DD1C83943600423CCC /* AppDelegate.swift in Sources */,
				8B4113651C83AD8A00D40189 /* HomeViewController.swift in Sources */,
				8B1BEF071C860C880083EF9D /* LoginViewController.swift in Sources */,
			);
			runOnlyForDeploymentPostprocessing = 0;
		};
/* End PBXSourcesBuildPhase section */

/* Begin PBXVariantGroup section */
		8B90C6E01C83943600423CCC /* Main.storyboard */ = {
			isa = PBXVariantGroup;
			children = (
				8B90C6E11C83943600423CCC /* Base */,
			);
			name = Main.storyboard;
			sourceTree = "<group>";
		};
		8B90C6E51C83943600423CCC /* LaunchScreen.storyboard */ = {
			isa = PBXVariantGroup;
			children = (
				8B90C6E61C83943600423CCC /* Base */,
			);
			name = LaunchScreen.storyboard;
			sourceTree = "<group>";
		};
/* End PBXVariantGroup section */

/* Begin XCBuildConfiguration section */
		8B90C6E91C83943600423CCC /* Debug */ = {
			isa = XCBuildConfiguration;
			buildSettings = {
				ALWAYS_SEARCH_USER_PATHS = NO;
				CLANG_CXX_LANGUAGE_STANDARD = "gnu++0x";
				CLANG_CXX_LIBRARY = "libc++";
				CLANG_ENABLE_MODULES = YES;
				CLANG_ENABLE_OBJC_ARC = YES;
				CLANG_WARN_BOOL_CONVERSION = YES;
				CLANG_WARN_CONSTANT_CONVERSION = YES;
				CLANG_WARN_DIRECT_OBJC_ISA_USAGE = YES_ERROR;
				CLANG_WARN_EMPTY_BODY = YES;
				CLANG_WARN_ENUM_CONVERSION = YES;
				CLANG_WARN_INT_CONVERSION = YES;
				CLANG_WARN_OBJC_ROOT_CLASS = YES_ERROR;
				CLANG_WARN_UNREACHABLE_CODE = YES;
				CLANG_WARN__DUPLICATE_METHOD_MATCH = YES;
				"CODE_SIGN_IDENTITY[sdk=iphoneos*]" = "iPhone Developer";
				COPY_PHASE_STRIP = NO;
				DEBUG_INFORMATION_FORMAT = dwarf;
				ENABLE_STRICT_OBJC_MSGSEND = YES;
				ENABLE_TESTABILITY = YES;
				GCC_C_LANGUAGE_STANDARD = gnu99;
				GCC_DYNAMIC_NO_PIC = NO;
				GCC_NO_COMMON_BLOCKS = YES;
				GCC_OPTIMIZATION_LEVEL = 0;
				GCC_PREPROCESSOR_DEFINITIONS = (
					"DEBUG=1",
					"$(inherited)",
				);
				GCC_WARN_64_TO_32_BIT_CONVERSION = YES;
				GCC_WARN_ABOUT_RETURN_TYPE = YES_ERROR;
				GCC_WARN_UNDECLARED_SELECTOR = YES;
				GCC_WARN_UNINITIALIZED_AUTOS = YES_AGGRESSIVE;
				GCC_WARN_UNUSED_FUNCTION = YES;
				GCC_WARN_UNUSED_VARIABLE = YES;
				IPHONEOS_DEPLOYMENT_TARGET = 9.2;
				MTL_ENABLE_DEBUG_INFO = YES;
				ONLY_ACTIVE_ARCH = YES;
				SDKROOT = iphoneos;
				SWIFT_OPTIMIZATION_LEVEL = "-Onone";
			};
			name = Debug;
		};
		8B90C6EA1C83943600423CCC /* Release */ = {
			isa = XCBuildConfiguration;
			buildSettings = {
				ALWAYS_SEARCH_USER_PATHS = NO;
				CLANG_CXX_LANGUAGE_STANDARD = "gnu++0x";
				CLANG_CXX_LIBRARY = "libc++";
				CLANG_ENABLE_MODULES = YES;
				CLANG_ENABLE_OBJC_ARC = YES;
				CLANG_WARN_BOOL_CONVERSION = YES;
				CLANG_WARN_CONSTANT_CONVERSION = YES;
				CLANG_WARN_DIRECT_OBJC_ISA_USAGE = YES_ERROR;
				CLANG_WARN_EMPTY_BODY = YES;
				CLANG_WARN_ENUM_CONVERSION = YES;
				CLANG_WARN_INT_CONVERSION = YES;
				CLANG_WARN_OBJC_ROOT_CLASS = YES_ERROR;
				CLANG_WARN_UNREACHABLE_CODE = YES;
				CLANG_WARN__DUPLICATE_METHOD_MATCH = YES;
				"CODE_SIGN_IDENTITY[sdk=iphoneos*]" = "iPhone Developer";
				COPY_PHASE_STRIP = NO;
				DEBUG_INFORMATION_FORMAT = "dwarf-with-dsym";
				ENABLE_NS_ASSERTIONS = NO;
				ENABLE_STRICT_OBJC_MSGSEND = YES;
				GCC_C_LANGUAGE_STANDARD = gnu99;
				GCC_NO_COMMON_BLOCKS = YES;
				GCC_WARN_64_TO_32_BIT_CONVERSION = YES;
				GCC_WARN_ABOUT_RETURN_TYPE = YES_ERROR;
				GCC_WARN_UNDECLARED_SELECTOR = YES;
				GCC_WARN_UNINITIALIZED_AUTOS = YES_AGGRESSIVE;
				GCC_WARN_UNUSED_FUNCTION = YES;
				GCC_WARN_UNUSED_VARIABLE = YES;
				IPHONEOS_DEPLOYMENT_TARGET = 9.2;
				MTL_ENABLE_DEBUG_INFO = NO;
				SDKROOT = iphoneos;
				VALIDATE_PRODUCT = YES;
			};
			name = Release;
		};
		8B90C6EC1C83943600423CCC /* Debug */ = {
			isa = XCBuildConfiguration;
			buildSettings = {
				ASSETCATALOG_COMPILER_APPICON_NAME = AppIcon;
				INFOPLIST_FILE = Tumblr/Info.plist;
				LD_RUNPATH_SEARCH_PATHS = "$(inherited) @executable_path/Frameworks";
				PRODUCT_BUNDLE_IDENTIFIER = com.beausmith.Tumblr;
				PRODUCT_NAME = "$(TARGET_NAME)";
			};
			name = Debug;
		};
		8B90C6ED1C83943600423CCC /* Release */ = {
			isa = XCBuildConfiguration;
			buildSettings = {
				ASSETCATALOG_COMPILER_APPICON_NAME = AppIcon;
				INFOPLIST_FILE = Tumblr/Info.plist;
				LD_RUNPATH_SEARCH_PATHS = "$(inherited) @executable_path/Frameworks";
				PRODUCT_BUNDLE_IDENTIFIER = com.beausmith.Tumblr;
				PRODUCT_NAME = "$(TARGET_NAME)";
			};
			name = Release;
		};
/* End XCBuildConfiguration section */

/* Begin XCConfigurationList section */
		8B90C6D41C83943600423CCC /* Build configuration list for PBXProject "Tumblr" */ = {
			isa = XCConfigurationList;
			buildConfigurations = (
				8B90C6E91C83943600423CCC /* Debug */,
				8B90C6EA1C83943600423CCC /* Release */,
			);
			defaultConfigurationIsVisible = 0;
			defaultConfigurationName = Release;
		};
		8B90C6EB1C83943600423CCC /* Build configuration list for PBXNativeTarget "Tumblr" */ = {
			isa = XCConfigurationList;
			buildConfigurations = (
				8B90C6EC1C83943600423CCC /* Debug */,
				8B90C6ED1C83943600423CCC /* Release */,
			);
			defaultConfigurationIsVisible = 0;
			defaultConfigurationName = Release;
		};
/* End XCConfigurationList section */
	};
	rootObject = 8B90C6D11C83943600423CCC /* Project object */;
}
